
Microsoft Visual Studio Solution File, Format Version 12.00
# Visual Studio 2013
VisualStudioVersion = 12.0.21005.1
MinimumVisualStudioVersion = 10.0.40219.1
Project("{2150E333-8FDC-42A3-9474-1A3956D46DE8}") = "WindowsIntegration", "WindowsIntegration", "{6B264904-ECC1-40D8-8B92-0C9B7259E1FC}"
EndProject
Project("{2150E333-8FDC-42A3-9474-1A3956D46DE8}") = "Common", "Common", "{0EBF83DD-4E30-4FB3-90F3-636A5950543F}"
EndProject
Project("{2150E333-8FDC-42A3-9474-1A3956D46DE8}") = "_Modules", "_Modules", "{FB01A983-8154-49A3-AEC6-9422E13CE1EA}"
EndProject
Project("{FAE04EC0-301F-11D3-BF4B-00C04F79EFBC}") = "Xpand.Demo.Para.DemoCenter.Module", "src\DemoCenter\Xpand.Demo.Para.DemoCenter.Module\Xpand.Demo.Para.DemoCenter.Module.csproj", "{5440A2F9-B39A-4ADF-807A-E133E5E15659}"
EndProject
Project("{FAE04EC0-301F-11D3-BF4B-00C04F79EFBC}") = "Xpand.Demo.Para.DemoCenter.Module.Win", "src\DemoCenter\Xpand.Demo.Para.DemoCenter.Module.Win\Xpand.Demo.Para.DemoCenter.Module.Win.csproj", "{9A46FE7A-32EE-4828-AA56-B10E0A2F5F6C}"
EndProject
Project("{FAE04EC0-301F-11D3-BF4B-00C04F79EFBC}") = "Xpand.Demo.Para.DemoCenter.Win", "src\DemoCenter\Xpand.Demo.Para.DemoCenter.Win\Xpand.Demo.Para.DemoCenter.Win.csproj", "{60F870B5-A26B-4FE0-845B-66A87C6D02FC}"
EndProject
Project("{FAE04EC0-301F-11D3-BF4B-00C04F79EFBC}") = "Xpand.Demo.Para.DemoCenter.Model", "src\Common\Xpand.Demo.Para.DemoCenter.Model\Xpand.Demo.Para.DemoCenter.Model.csproj", "{7D4CC267-5305-43DB-9CB2-24D72684BF35}"
EndProject
Project("{FAE04EC0-301F-11D3-BF4B-00C04F79EFBC}") = "Xpand.ExpressApp.Win.Para.WindowsIntegration", "src\Modules\WindowsIntegration\src\WindowsIntegration\Xpand.ExpressApp.Win.Para.WindowsIntegration.csproj", "{F253336B-CF62-4DCE-A8D6-B6EB020B05A2}"
EndProject
Global
	GlobalSection(SolutionConfigurationPlatforms) = preSolution
		Debug|Any CPU = Debug|Any CPU
		Release|Any CPU = Release|Any CPU
	EndGlobalSection
	GlobalSection(ProjectConfigurationPlatforms) = postSolution
		{5440A2F9-B39A-4ADF-807A-E133E5E15659}.Debug|Any CPU.ActiveCfg = Debug|Any CPU
		{5440A2F9-B39A-4ADF-807A-E133E5E15659}.Debug|Any CPU.Build.0 = Debug|Any CPU
		{5440A2F9-B39A-4ADF-807A-E133E5E15659}.Release|Any CPU.ActiveCfg = Release|Any CPU
		{5440A2F9-B39A-4ADF-807A-E133E5E15659}.Release|Any CPU.Build.0 = Release|Any CPU
		{9A46FE7A-32EE-4828-AA56-B10E0A2F5F6C}.Debug|Any CPU.ActiveCfg = Debug|Any CPU
		{9A46FE7A-32EE-4828-AA56-B10E0A2F5F6C}.Debug|Any CPU.Build.0 = Debug|Any CPU
		{9A46FE7A-32EE-4828-AA56-B10E0A2F5F6C}.Release|Any CPU.ActiveCfg = Release|Any CPU
		{9A46FE7A-32EE-4828-AA56-B10E0A2F5F6C}.Release|Any CPU.Build.0 = Release|Any CPU
		{60F870B5-A26B-4FE0-845B-66A87C6D02FC}.Debug|Any CPU.ActiveCfg = Debug|Any CPU
		{60F870B5-A26B-4FE0-845B-66A87C6D02FC}.Debug|Any CPU.Build.0 = Debug|Any CPU
		{60F870B5-A26B-4FE0-845B-66A87C6D02FC}.Release|Any CPU.ActiveCfg = Release|Any CPU
		{60F870B5-A26B-4FE0-845B-66A87C6D02FC}.Release|Any CPU.Build.0 = Release|Any CPU
		{7D4CC267-5305-43DB-9CB2-24D72684BF35}.Debug|Any CPU.ActiveCfg = Debug|Any CPU
		{7D4CC267-5305-43DB-9CB2-24D72684BF35}.Debug|Any CPU.Build.0 = Debug|Any CPU
		{7D4CC267-5305-43DB-9CB2-24D72684BF35}.Release|Any CPU.ActiveCfg = Release|Any CPU
		{7D4CC267-5305-43DB-9CB2-24D72684BF35}.Release|Any CPU.Build.0 = Release|Any CPU
		{F253336B-CF62-4DCE-A8D6-B6EB020B05A2}.Debug|Any CPU.ActiveCfg = Debug|Any CPU
		{F253336B-CF62-4DCE-A8D6-B6EB020B05A2}.Debug|Any CPU.Build.0 = Debug|Any CPU
		{F253336B-CF62-4DCE-A8D6-B6EB020B05A2}.Release|Any CPU.ActiveCfg = Release|Any CPU
		{F253336B-CF62-4DCE-A8D6-B6EB020B05A2}.Release|Any CPU.Build.0 = Release|Any CPU
	EndGlobalSection
	GlobalSection(SolutionProperties) = preSolution
		HideSolutionNode = FALSE
	EndGlobalSection
	GlobalSection(NestedProjects) = preSolution
		{5440A2F9-B39A-4ADF-807A-E133E5E15659} = {6B264904-ECC1-40D8-8B92-0C9B7259E1FC}
		{9A46FE7A-32EE-4828-AA56-B10E0A2F5F6C} = {6B264904-ECC1-40D8-8B92-0C9B7259E1FC}
		{60F870B5-A26B-4FE0-845B-66A87C6D02FC} = {6B264904-ECC1-40D8-8B92-0C9B7259E1FC}
		{7D4CC267-5305-43DB-9CB2-24D72684BF35} = {0EBF83DD-4E30-4FB3-90F3-636A5950543F}
		{F253336B-CF62-4DCE-A8D6-B6EB020B05A2} = {FB01A983-8154-49A3-AEC6-9422E13CE1EA}
	EndGlobalSection
EndGlobal
